version = 1
revision = 3
requires-python = ">=3.12"
resolution-markers = [
    "python_full_version >= '3.15' and sys_platform == 'win32'",
    "python_full_version >= '3.15' and sys_platform != 'darwin' and sys_platform != 'win32'",
    "python_full_version >= '3.15' and sys_platform == 'darwin'",
    "python_full_version == '3.14.*' and sys_platform == 'win32'",
    "python_full_version == '3.14.*' and sys_platform != 'darwin' and sys_platform != 'win32'",
    "python_full_version == '3.14.*' and sys_platform == 'darwin'",
    "python_full_version == '3.13.*' and sys_platform == 'win32'",
    "python_full_version == '3.13.*' and sys_platform != 'darwin' and sys_platform != 'win32'",
    "python_full_version == '3.13.*' and sys_platform == 'darwin'",
    "python_full_version < '3.13' and sys_platform == 'win32'",
    "python_full_version < '3.13' and sys_platform != 'darwin' and sys_platform != 'win32'",
    "python_full_version < '3.13' and sys_platform == 'darwin'",
]

[[package]]
name = "manga-ocr-android"
version = "0.1.0"
source = { virtual = "." }
